
Microsoft Visual Studio Solution File, Format Version 12.00
# Visual Studio Version 16
VisualStudioVersion = 16.0.28803.156
MinimumVisualStudioVersion = 10.0.40219.1
Project("{9A19103F-16F7-4668-BE54-9A1E7A4F7556}") = "teste-api", "teste-api.csproj", "{C03F3D2F-BBBD-4FC1-B059-481D5F2ECBCB}"
EndProject
Global
	GlobalSection(SolutionConfigurationPlatforms) = preSolution
		Debug|Any CPU = Debug|Any CPU
		Release|Any CPU = Release|Any CPU
	EndGlobalSection
	GlobalSection(ProjectConfigurationPlatforms) = postSolution
		{C03F3D2F-BBBD-4FC1-B059-481D5F2ECBCB}.Debug|Any CPU.ActiveCfg = Debug|Any CPU
		{C03F3D2F-BBBD-4FC1-B059-481D5F2ECBCB}.Debug|Any CPU.Build.0 = Debug|Any CPU
		{C03F3D2F-BBBD-4FC1-B059-481D5F2ECBCB}.Release|Any CPU.ActiveCfg = Release|Any CPU
		{C03F3D2F-BBBD-4FC1-B059-481D5F2ECBCB}.Release|Any CPU.Build.0 = Release|Any CPU
	EndGlobalSection
	GlobalSection(SolutionProperties) = preSolution
		HideSolutionNode = FALSE
	EndGlobalSection
	GlobalSection(ExtensibilityGlobals) = postSolution
		SolutionGuid = {20F2C7AD-B1F6-4497-AF67-4984F8C700E3}
	EndGlobalSection
EndGlobal
